github.com/google/uuid v1.6.0 h1:NIvaJDMOsjHA8n1jAhLSgzrAzy1Hgr+hNrb57e+94F0=
github.com/google/uuid v1.6.0/go.mod h1:TIyPZe4MgqvfeYDBFedMoGGpEw/LqOeaOT+nhxU+yHo=
github.com/gorilla/websocket v1.5.3 h1:saDtZ6Pbx/0u+bgYQ3q96pZgCzfhKXGPqt7kZ72aNNg=
github.com/gorilla/websocket v1.5.3/go.mod h1:YR8l580nyteQvAITg2hZ9XVh4b55+EU/adAjf1fMHhE=
github.com/v2up-32mb/xshared v0.1.1 h1:A1Ne55UpD2U8S/vYI/iq6zcYZJCROo3p/isklQ3eN+E=
github.com/v2up-32mb/xshared v0.1.1/go.mod h1:vBbVeDpe9hQJ7X7Q3LalI2OmbOSFso1t+qv6+MeQFNI=
github.com/v2up-32mb/xtunnel v0.3.1 h1:jYDq5QZbODbswLGazxxRFOp/2pgkyyyHXCGR2pathAQ=
github.com/v2up-32mb/xtunnel v0.3.1/go.mod h1:IAq55jjwIT3SOQufjvKS3wAcY9FpLIHd5IG3aEN7qEo=
golang.org/x/net v0.17.0 h1:pVaXccu2ozPjCXewfr1S7xza/zcXTity9cCdXQYSjIM=
golang.org/x/net v0.17.0/go.mod h1:NxSsAGuq816PNPmqtQdLE42eU2Fs7NoRIZrHJAlaCOE=
